{
  "requires": true,
  "lockfileVersion": 1,
  "dependencies": {
    "regenerator-runtime": {
      "version": "0.13.3",
      "resolved": "https://registry.npmjs.org/regenerator-runtime/-/regenerator-runtime-0.13.3.tgz",
      "integrity": "sha512-naKIZz2GQ8JWh///G7L3X6LaQUAMp2lvb1rvwwsURe/VXwD6VMfr+/1NuNw3ag8v2kY1aQ/go5SNn79O9JU7yw=="
    },
    "weui": {
      "version": "file:https:/registry.npm.taobao.org/weui/download/weui-2.1.3.tgz"
    }
  }
}
